{
  "name": "@drawmotive/textgraph-renderer",
  "version": "0.1.0-alpha.1",
  "lockfileVersion": 3,
  "requires": true,
  "packages": {
    "": {
      "name": "@drawmotive/textgraph-renderer",
      "version": "0.1.0-alpha.1",
      "license": "MIT",
      "dependencies": {
        "@drawmotive/textgraph": "0.2.2-alpha.2",
        "@drawmotive/textgraph-fonts": "0.2.2-alpha.1"
      },
      "engines": {
        "node": ">=22.23.2"
      }
    },
    "node_modules/@drawmotive/textgraph": {
      "version": "0.2.2-alpha.2",
      "resolved": "https://registry.npmjs.org/@drawmotive/textgraph/-/textgraph-0.2.2-alpha.2.tgz",
      "integrity": "sha512-wE9tuSzzP2057d7wQ1fgcZ+eyghaCYoYJvNOmNTh4DTXP+UIGu/bzhxnE9HVbmZnyvMOKfI0xmhB+nYWS+sHIA==",
      "license": "MIT",
      "bin": {
        "textgraph-copy-assets": "scripts/copy-assets.mjs"
      },
      "engines": {
        "node": ">=22"
      },
      "peerDependencies": {
        "react": "^18.2.0 || ^19.0.0"
      },
      "peerDependenciesMeta": {
        "react": {
          "optional": true
        }
      }
    },
    "node_modules/@drawmotive/textgraph-fonts": {
      "version": "0.2.2-alpha.1",
      "resolved": "https://registry.npmjs.org/@drawmotive/textgraph-fonts/-/textgraph-fonts-0.2.2-alpha.1.tgz",
      "integrity": "sha512-wdSDDrDa21ENeN6W1F7dSDc/RHmwWTKUBMEFFxy4P+p4H+D6mPxX7IWb6CWFXNBKLjhVQiZzSz91JSIpdcz6Ug==",
      "license": "(MIT AND OFL-1.1)",
      "bin": {
        "textgraph-copy-fonts": "scripts/copy-fonts.mjs"
      },
      "engines": {
        "node": ">=22"
      }
    }
  }
}
